
Microsoft Visual Studio Solution File, Format Version 12.00
# Visual Studio Version 17
VisualStudioVersion = 17.4.33403.182
MinimumVisualStudioVersion = 10.0.40219.1
Project("{8BC9CEB8-8B4A-11D0-8D11-00A0C91BC942}") = "03 Rendering a Cube(2015 Win7)", "03 Rendering a Cube(2015 Win7).vcxproj", "{1493BC5C-6AB9-466D-8420-76251511B2C5}"
EndProject
Global
	GlobalSection(SolutionConfigurationPlatforms) = preSolution
		Debug|x64 = Debug|x64
		Debug|x86 = Debug|x86
		Release|x64 = Release|x64
		Release|x86 = Release|x86
	EndGlobalSection
	GlobalSection(ProjectConfigurationPlatforms) = postSolution
		{1493BC5C-6AB9-466D-8420-76251511B2C5}.Debug|x64.ActiveCfg = Debug|x64
		{1493BC5C-6AB9-466D-8420-76251511B2C5}.Debug|x64.Build.0 = Debug|x64
		{1493BC5C-6AB9-466D-8420-76251511B2C5}.Debug|x86.ActiveCfg = Debug|Win32
		{1493BC5C-6AB9-466D-8420-76251511B2C5}.Debug|x86.Build.0 = Debug|Win32
		{1493BC5C-6AB9-466D-8420-76251511B2C5}.Release|x64.ActiveCfg = Release|x64
		{1493BC5C-6AB9-466D-8420-76251511B2C5}.Release|x64.Build.0 = Release|x64
		{1493BC5C-6AB9-466D-8420-76251511B2C5}.Release|x86.ActiveCfg = Release|Win32
		{1493BC5C-6AB9-466D-8420-76251511B2C5}.Release|x86.Build.0 = Release|Win32
	EndGlobalSection
	GlobalSection(SolutionProperties) = preSolution
		HideSolutionNode = FALSE
	EndGlobalSection
	GlobalSection(ExtensibilityGlobals) = postSolution
		SolutionGuid = {6BEA196D-EDC0-4CF0-B22C-1C2F14F76274}
	EndGlobalSection
EndGlobal
